// !$*UTF8*$!
{
	archiveVersion = 1;
	classes = {
	};
	objectVersion = 46;
	objects = {

/* Begin PBXBuildFile section */
		761807541C776586009A34BF /* CoreDataStackManager.swift in Sources */ = {isa = PBXBuildFile; fileRef = 761807531C776586009A34BF /* CoreDataStackManager.swift */; };
		761807581C779359009A34BF /* FlickrConstants.swift in Sources */ = {isa = PBXBuildFile; fileRef = 761807551C779359009A34BF /* FlickrConstants.swift */; };
		761807591C779359009A34BF /* FlickrClient.swift in Sources */ = {isa = PBXBuildFile; fileRef = 761807561C779359009A34BF /* FlickrClient.swift */; };
		763230CA1C736B9900095C10 /* AppDelegate.swift in Sources */ = {isa = PBXBuildFile; fileRef = 763230C91C736B9900095C10 /* AppDelegate.swift */; };
		763230CC1C736B9900095C10 /* MapViewController.swift in Sources */ = {isa = PBXBuildFile; fileRef = 763230CB1C736B9900095C10 /* MapViewController.swift */; };
		763230CF1C736B9900095C10 /* Main.storyboard in Resources */ = {isa = PBXBuildFile; fileRef = 763230CD1C736B9900095C10 /* Main.storyboard */; };
		763230D11C736B9900095C10 /* Assets.xcassets in Resources */ = {isa = PBXBuildFile; fileRef = 763230D01C736B9900095C10 /* Assets.xcassets */; };
		763230D41C736B9900095C10 /* LaunchScreen.storyboard in Resources */ = {isa = PBXBuildFile; fileRef = 763230D21C736B9900095C10 /* LaunchScreen.storyboard */; };
		763230DF1C736B9900095C10 /* Virtual_TouristTests.swift in Sources */ = {isa = PBXBuildFile; fileRef = 763230DE1C736B9900095C10 /* Virtual_TouristTests.swift */; };
		763230EA1C736B9900095C10 /* Virtual_TouristUITests.swift in Sources */ = {isa = PBXBuildFile; fileRef = 763230E91C736B9900095C10 /* Virtual_TouristUITests.swift */; };
		763230F81C73713500095C10 /* PhotoAlbumViewController.swift in Sources */ = {isa = PBXBuildFile; fileRef = 763230F71C73713500095C10 /* PhotoAlbumViewController.swift */; };
		763230FB1C73728A00095C10 /* VirtualTourist.xcdatamodeld in Sources */ = {isa = PBXBuildFile; fileRef = 763230F91C73728A00095C10 /* VirtualTourist.xcdatamodeld */; };
		7681927E1C7CA725008CA591 /* Pin.swift in Sources */ = {isa = PBXBuildFile; fileRef = 7681927D1C7CA725008CA591 /* Pin.swift */; };
		76DECF031C7D306B00D9AFC2 /* PhotoCollectionViewCell.swift in Sources */ = {isa = PBXBuildFile; fileRef = 76DECF021C7D306B00D9AFC2 /* PhotoCollectionViewCell.swift */; };
		76E77A1A1C7A72F9008FB278 /* Picture.swift in Sources */ = {isa = PBXBuildFile; fileRef = 76E77A191C7A72F9008FB278 /* Picture.swift */; };
/* End PBXBuildFile section */

/* Begin PBXContainerItemProxy section */
		763230DB1C736B9900095C10 /* PBXContainerItemProxy */ = {
			isa = PBXContainerItemProxy;
			containerPortal = 763230BE1C736B9900095C10 /* Project object */;
			proxyType = 1;
			remoteGlobalIDString = 763230C51C736B9900095C10;
			remoteInfo = "Virtual Tourist";
		};
		763230E61C736B9900095C10 /* PBXContainerItemProxy */ = {
			isa = PBXContainerItemProxy;
			containerPortal = 763230BE1C736B9900095C10 /* Project object */;
			proxyType = 1;
			remoteGlobalIDString = 763230C51C736B9900095C10;
			remoteInfo = "Virtual Tourist";
		};
/* End PBXContainerItemProxy section */

/* Begin PBXFileReference section */
		761807531C776586009A34BF /* CoreDataStackManager.swift */ = {isa = PBXFileReference; fileEncoding = 4; lastKnownFileType = sourcecode.swift; path = CoreDataStackManager.swift; sourceTree = "<group>"; };
		761807551C779359009A34BF /* FlickrConstants.swift */ = {isa = PBXFileReference; fileEncoding = 4; lastKnownFileType = sourcecode.swift; path = FlickrConstants.swift; sourceTree = "<group>"; };
		761807561C779359009A34BF /* FlickrClient.swift */ = {isa = PBXFileReference; fileEncoding = 4; lastKnownFileType = sourcecode.swift; path = FlickrClient.swift; sourceTree = "<group>"; };
		763230C61C736B9900095C10 /* Virtual Tourist.app */ = {isa = PBXFileReference; explicitFileType = wrapper.application; includeInIndex = 0; path = "Virtual Tourist.app"; sourceTree = BUILT_PRODUCTS_DIR; };
		763230C91C736B9900095C10 /* AppDelegate.swift */ = {isa = PBXFileReference; lastKnownFileType = sourcecode.swift; path = AppDelegate.swift; sourceTree = "<group>"; };
		763230CB1C736B9900095C10 /* MapViewController.swift */ = {isa = PBXFileReference; lastKnownFileType = sourcecode.swift; path = MapViewController.swift; sourceTree = "<group>"; };
		763230CE1C736B9900095C10 /* Base */ = {isa = PBXFileReference; lastKnownFileType = file.storyboard; name = Base; path = Base.lproj/Main.storyboard; sourceTree = "<group>"; };
		763230D01C736B9900095C10 /* Assets.xcassets */ = {isa = PBXFileReference; lastKnownFileType = folder.assetcatalog; path = Assets.xcassets; sourceTree = "<group>"; };
		763230D31C736B9900095C10 /* Base */ = {isa = PBXFileReference; lastKnownFileType = file.storyboard; name = Base; path = Base.lproj/LaunchScreen.storyboard; sourceTree = "<group>"; };
		763230D51C736B9900095C10 /* Info.plist */ = {isa = PBXFileReference; lastKnownFileType = text.plist.xml; path = Info.plist; sourceTree = "<group>"; };
		763230DA1C736B9900095C10 /* Virtual TouristTests.xctest */ = {isa = PBXFileReference; explicitFileType = wrapper.cfbundle; includeInIndex = 0; path = "Virtual TouristTests.xctest"; sourceTree = BUILT_PRODUCTS_DIR; };
		763230DE1C736B9900095C10 /* Virtual_TouristTests.swift */ = {isa = PBXFileReference; lastKnownFileType = sourcecode.swift; path = Virtual_TouristTests.swift; sourceTree = "<group>"; };
		763230E01C736B9900095C10 /* Info.plist */ = {isa = PBXFileReference; lastKnownFileType = text.plist.xml; path = Info.plist; sourceTree = "<group>"; };
		763230E51C736B9900095C10 /* Virtual TouristUITests.xctest */ = {isa = PBXFileReference; explicitFileType = wrapper.cfbundle; includeInIndex = 0; path = "Virtual TouristUITests.xctest"; sourceTree = BUILT_PRODUCTS_DIR; };
		763230E91C736B9900095C10 /* Virtual_TouristUITests.swift */ = {isa = PBXFileReference; lastKnownFileType = sourcecode.swift; path = Virtual_TouristUITests.swift; sourceTree = "<group>"; };
		763230EB1C736B9900095C10 /* Info.plist */ = {isa = PBXFileReference; lastKnownFileType = text.plist.xml; path = Info.plist; sourceTree = "<group>"; };
		763230F71C73713500095C10 /* PhotoAlbumViewController.swift */ = {isa = PBXFileReference; fileEncoding = 4; lastKnownFileType = sourcecode.swift; path = PhotoAlbumViewController.swift; sourceTree = "<group>"; };
		763230FA1C73728A00095C10 /* VirtualTourist.xcdatamodel */ = {isa = PBXFileReference; lastKnownFileType = wrapper.xcdatamodel; path = VirtualTourist.xcdatamodel; sourceTree = "<group>"; };
		7681927D1C7CA725008CA591 /* Pin.swift */ = {isa = PBXFileReference; fileEncoding = 4; lastKnownFileType = sourcecode.swift; path = Pin.swift; sourceTree = "<group>"; };
		76DECF021C7D306B00D9AFC2 /* PhotoCollectionViewCell.swift */ = {isa = PBXFileReference; fileEncoding = 4; lastKnownFileType = sourcecode.swift; name = PhotoCollectionViewCell.swift; path = ../PhotoCollectionViewCell.swift; sourceTree = "<group>"; };
		76E77A191C7A72F9008FB278 /* Picture.swift */ = {isa = PBXFileReference; fileEncoding = 4; lastKnownFileType = sourcecode.swift; path = Picture.swift; sourceTree = "<group>"; };
/* End PBXFileReference section */

/* Begin PBXFrameworksBuildPhase section */
		763230C31C736B9900095C10 /* Frameworks */ = {
			isa = PBXFrameworksBuildPhase;
			buildActionMask = 2147483647;
			files = (
			);
			runOnlyForDeploymentPostprocessing = 0;
		};
		763230D71C736B9900095C10 /* Frameworks */ = {
			isa = PBXFrameworksBuildPhase;
			buildActionMask = 2147483647;
			files = (
			);
			runOnlyForDeploymentPostprocessing = 0;
		};
		763230E21C736B9900095C10 /* Frameworks */ = {
			isa = PBXFrameworksBuildPhase;
			buildActionMask = 2147483647;
			files = (
			);
			runOnlyForDeploymentPostprocessing = 0;
		};
/* End PBXFrameworksBuildPhase section */

/* Begin PBXGroup section */
		7618075B1C779366009A34BF /* Flickr Client */ = {
			isa = PBXGroup;
			children = (
				761807551C779359009A34BF /* FlickrConstants.swift */,
				761807561C779359009A34BF /* FlickrClient.swift */,
			);
			name = "Flickr Client";
			path = "Virtual Tourist";
			sourceTree = "<group>";
		};
		763230BD1C736B9900095C10 = {
			isa = PBXGroup;
			children = (
				763230C81C736B9900095C10 /* Virtual Tourist */,
				76DECF011C7D300600D9AFC2 /* View Controllers */,
				7618075B1C779366009A34BF /* Flickr Client */,
				76E77A1B1C7A7308008FB278 /* Model */,
				763230DD1C736B9900095C10 /* Virtual TouristTests */,
				763230E81C736B9900095C10 /* Virtual TouristUITests */,
				763230C71C736B9900095C10 /* Products */,
			);
			sourceTree = "<group>";
		};
		763230C71C736B9900095C10 /* Products */ = {
			isa = PBXGroup;
			children = (
				763230C61C736B9900095C10 /* Virtual Tourist.app */,
				763230DA1C736B9900095C10 /* Virtual TouristTests.xctest */,
				763230E51C736B9900095C10 /* Virtual TouristUITests.xctest */,
			);
			name = Products;
			sourceTree = "<group>";
		};
		763230C81C736B9900095C10 /* Virtual Tourist */ = {
			isa = PBXGroup;
			children = (
				763230C91C736B9900095C10 /* AppDelegate.swift */,
				761807531C776586009A34BF /* CoreDataStackManager.swift */,
				763230CD1C736B9900095C10 /* Main.storyboard */,
				763230F91C73728A00095C10 /* VirtualTourist.xcdatamodeld */,
				763230D01C736B9900095C10 /* Assets.xcassets */,
				763230D21C736B9900095C10 /* LaunchScreen.storyboard */,
				763230D51C736B9900095C10 /* Info.plist */,
			);
			path = "Virtual Tourist";
			sourceTree = "<group>";
		};
		763230DD1C736B9900095C10 /* Virtual TouristTests */ = {
			isa = PBXGroup;
			children = (
				763230DE1C736B9900095C10 /* Virtual_TouristTests.swift */,
				763230E01C736B9900095C10 /* Info.plist */,
			);
			path = "Virtual TouristTests";
			sourceTree = "<group>";
		};
		763230E81C736B9900095C10 /* Virtual TouristUITests */ = {
			isa = PBXGroup;
			children = (
				763230E91C736B9900095C10 /* Virtual_TouristUITests.swift */,
				763230EB1C736B9900095C10 /* Info.plist */,
			);
			path = "Virtual TouristUITests";
			sourceTree = "<group>";
		};
		76DECF011C7D300600D9AFC2 /* View Controllers */ = {
			isa = PBXGroup;
			children = (
				763230CB1C736B9900095C10 /* MapViewController.swift */,
				763230F71C73713500095C10 /* PhotoAlbumViewController.swift */,
				76DECF021C7D306B00D9AFC2 /* PhotoCollectionViewCell.swift */,
			);
			name = "View Controllers";
			path = "Virtual Tourist";
			sourceTree = "<group>";
		};
		76E77A1B1C7A7308008FB278 /* Model */ = {
			isa = PBXGroup;
			children = (
				76E77A191C7A72F9008FB278 /* Picture.swift */,
				7681927D1C7CA725008CA591 /* Pin.swift */,
			);
			name = Model;
			path = "Virtual Tourist";
			sourceTree = "<group>";
		};
/* End PBXGroup section */

/* Begin PBXNativeTarget section */
		763230C51C736B9900095C10 /* Virtual Tourist */ = {
			isa = PBXNativeTarget;
			buildConfigurationList = 763230EE1C736B9900095C10 /* Build configuration list for PBXNativeTarget "Virtual Tourist" */;
			buildPhases = (
				763230C21C736B9900095C10 /* Sources */,
				763230C31C736B9900095C10 /* Frameworks */,
				763230C41C736B9900095C10 /* Resources */,
			);
			buildRules = (
			);
			dependencies = (
			);
			name = "Virtual Tourist";
			productName = "Virtual Tourist";
			productReference = 763230C61C736B9900095C10 /* Virtual Tourist.app */;
			productType = "com.apple.product-type.application";
		};
		763230D91C736B9900095C10 /* Virtual TouristTests */ = {
			isa = PBXNativeTarget;
			buildConfigurationList = 763230F11C736B9900095C10 /* Build configuration list for PBXNativeTarget "Virtual TouristTests" */;
			buildPhases = (
				763230D61C736B9900095C10 /* Sources */,
				763230D71C736B9900095C10 /* Frameworks */,
				763230D81C736B9900095C10 /* Resources */,
			);
			buildRules = (
			);
			dependencies = (
				763230DC1C736B9900095C10 /* PBXTargetDependency */,
			);
			name = "Virtual TouristTests";
			productName = "Virtual TouristTests";
			productReference = 763230DA1C736B9900095C10 /* Virtual TouristTests.xctest */;
			productType = "com.apple.product-type.bundle.unit-test";
		};
		763230E41C736B9900095C10 /* Virtual TouristUITests */ = {
			isa = PBXNativeTarget;
			buildConfigurationList = 763230F41C736B9900095C10 /* Build configuration list for PBXNativeTarget "Virtual TouristUITests" */;
			buildPhases = (
				763230E11C736B9900095C10 /* Sources */,
				763230E21C736B9900095C10 /* Frameworks */,
				763230E31C736B9900095C10 /* Resources */,
			);
			buildRules = (
			);
			dependencies = (
				763230E71C736B9900095C10 /* PBXTargetDependency */,
			);
			name = "Virtual TouristUITests";
			productName = "Virtual TouristUITests";
			productReference = 763230E51C736B9900095C10 /* Virtual TouristUITests.xctest */;
			productType = "com.apple.product-type.bundle.ui-testing";
		};
/* End PBXNativeTarget section */

/* Begin PBXProject section */
		763230BE1C736B9900095C10 /* Project object */ = {
			isa = PBXProject;
			attributes = {
				LastSwiftUpdateCheck = 0720;
				LastUpgradeCheck = 0720;
				ORGANIZATIONNAME = "Ed Ballington";
				TargetAttributes = {
					763230C51C736B9900095C10 = {
						CreatedOnToolsVersion = 7.2.1;
					};
					763230D91C736B9900095C10 = {
						CreatedOnToolsVersion = 7.2.1;
						TestTargetID = 763230C51C736B9900095C10;
					};
					763230E41C736B9900095C10 = {
						CreatedOnToolsVersion = 7.2.1;
						TestTargetID = 763230C51C736B9900095C10;
					};
				};
			};
			buildConfigurationList = 763230C11C736B9900095C10 /* Build configuration list for PBXProject "Virtual Tourist" */;
			compatibilityVersion = "Xcode 3.2";
			developmentRegion = English;
			hasScannedForEncodings = 0;
			knownRegions = (
				en,
				Base,
			);
			mainGroup = 763230BD1C736B9900095C10;
			productRefGroup = 763230C71C736B9900095C10 /* Products */;
			projectDirPath = "";
			projectRoot = "";
			targets = (
				763230C51C736B9900095C10 /* Virtual Tourist */,
				763230D91C736B9900095C10 /* Virtual TouristTests */,
				763230E41C736B9900095C10 /* Virtual TouristUITests */,
			);
		};
/* End PBXProject section */

/* Begin PBXResourcesBuildPhase section */
		763230C41C736B9900095C10 /* Resources */ = {
			isa = PBXResourcesBuildPhase;
			buildActionMask = 2147483647;
			files = (
				763230D41C736B9900095C10 /* LaunchScreen.storyboard in Resources */,
				763230D11C736B9900095C10 /* Assets.xcassets in Resources */,
				763230CF1C736B9900095C10 /* Main.storyboard in Resources */,
			);
			runOnlyForDeploymentPostprocessing = 0;
		};
		763230D81C736B9900095C10 /* Resources */ = {
			isa = PBXResourcesBuildPhase;
			buildActionMask = 2147483647;
			files = (
			);
			runOnlyForDeploymentPostprocessing = 0;
		};
		763230E31C736B9900095C10 /* Resources */ = {
			isa = PBXResourcesBuildPhase;
			buildActionMask = 2147483647;
			files = (
			);
			runOnlyForDeploymentPostprocessing = 0;
		};
/* End PBXResourcesBuildPhase section */

/* Begin PBXSourcesBuildPhase section */
		763230C21C736B9900095C10 /* Sources */ = {
			isa = PBXSourcesBuildPhase;
			buildActionMask = 2147483647;
			files = (
				76E77A1A1C7A72F9008FB278 /* Picture.swift in Sources */,
				76DECF031C7D306B00D9AFC2 /* PhotoCollectionViewCell.swift in Sources */,
				761807581C779359009A34BF /* FlickrConstants.swift in Sources */,
				763230FB1C73728A00095C10 /* VirtualTourist.xcdatamodeld in Sources */,
				7681927E1C7CA725008CA591 /* Pin.swift in Sources */,
				763230CC1C736B9900095C10 /* MapViewController.swift in Sources */,
				763230CA1C736B9900095C10 /* AppDelegate.swift in Sources */,
				761807591C779359009A34BF /* FlickrClient.swift in Sources */,
				761807541C776586009A34BF /* CoreDataStackManager.swift in Sources */,
				763230F81C73713500095C10 /* PhotoAlbumViewController.swift in Sources */,
			);
			runOnlyForDeploymentPostprocessing = 0;
		};
		763230D61C736B9900095C10 /* Sources */ = {
			isa = PBXSourcesBuildPhase;
			buildActionMask = 2147483647;
			files = (
				763230DF1C736B9900095C10 /* Virtual_TouristTests.swift in Sources */,
			);
			runOnlyForDeploymentPostprocessing = 0;
		};
		763230E11C736B9900095C10 /* Sources */ = {
			isa = PBXSourcesBuildPhase;
			buildActionMask = 2147483647;
			files = (
				763230EA1C736B9900095C10 /* Virtual_TouristUITests.swift in Sources */,
			);
			runOnlyForDeploymentPostprocessing = 0;
		};
/* End PBXSourcesBuildPhase section */

/* Begin PBXTargetDependency section */
		763230DC1C736B9900095C10 /* PBXTargetDependency */ = {
			isa = PBXTargetDependency;
			target = 763230C51C736B9900095C10 /* Virtual Tourist */;
			targetProxy = 763230DB1C736B9900095C10 /* PBXContainerItemProxy */;
		};
		763230E71C736B9900095C10 /* PBXTargetDependency */ = {
			isa = PBXTargetDependency;
			target = 763230C51C736B9900095C10 /* Virtual Tourist */;
			targetProxy = 763230E61C736B9900095C10 /* PBXContainerItemProxy */;
		};
/* End PBXTargetDependency section */

/* Begin PBXVariantGroup section */
		763230CD1C736B9900095C10 /* Main.storyboard */ = {
			isa = PBXVariantGroup;
			children = (
				763230CE1C736B9900095C10 /* Base */,
			);
			name = Main.storyboard;
			sourceTree = "<group>";
		};
		763230D21C736B9900095C10 /* LaunchScreen.storyboard */ = {
			isa = PBXVariantGroup;
			children = (
				763230D31C736B9900095C10 /* Base */,
			);
			name = LaunchScreen.storyboard;
			sourceTree = "<group>";
		};
/* End PBXVariantGroup section */

/* Begin XCBuildConfiguration section */
		763230EC1C736B9900095C10 /* Debug */ = {
			isa = XCBuildConfiguration;
			buildSettings = {
				ALWAYS_SEARCH_USER_PATHS = NO;
				CLANG_CXX_LANGUAGE_STANDARD = "gnu++0x";
				CLANG_CXX_LIBRARY = "libc++";
				CLANG_ENABLE_MODULES = YES;
				CLANG_ENABLE_OBJC_ARC = YES;
				CLANG_WARN_BOOL_CONVERSION = YES;
				CLANG_WARN_CONSTANT_CONVERSION = YES;
				CLANG_WARN_DIRECT_OBJC_ISA_USAGE = YES_ERROR;
				CLANG_WARN_EMPTY_BODY = YES;
				CLANG_WARN_ENUM_CONVERSION = YES;
				CLANG_WARN_INT_CONVERSION = YES;
				CLANG_WARN_OBJC_ROOT_CLASS = YES_ERROR;
				CLANG_WARN_UNREACHABLE_CODE = YES;
				CLANG_WARN__DUPLICATE_METHOD_MATCH = YES;
				"CODE_SIGN_IDENTITY[sdk=iphoneos*]" = "iPhone Developer";
				COPY_PHASE_STRIP = NO;
				DEBUG_INFORMATION_FORMAT = dwarf;
				ENABLE_STRICT_OBJC_MSGSEND = YES;
				ENABLE_TESTABILITY = YES;
				GCC_C_LANGUAGE_STANDARD = gnu99;
				GCC_DYNAMIC_NO_PIC = NO;
				GCC_NO_COMMON_BLOCKS = YES;
				GCC_OPTIMIZATION_LEVEL = 0;
				GCC_PREPROCESSOR_DEFINITIONS = (
					"DEBUG=1",
					"$(inherited)",
				);
				GCC_WARN_64_TO_32_BIT_CONVERSION = YES;
				GCC_WARN_ABOUT_RETURN_TYPE = YES_ERROR;
				GCC_WARN_UNDECLARED_SELECTOR = YES;
				GCC_WARN_UNINITIALIZED_AUTOS = YES_AGGRESSIVE;
				GCC_WARN_UNUSED_FUNCTION = YES;
				GCC_WARN_UNUSED_VARIABLE = YES;
				IPHONEOS_DEPLOYMENT_TARGET = 9.2;
				MTL_ENABLE_DEBUG_INFO = YES;
				ONLY_ACTIVE_ARCH = YES;
				SDKROOT = iphoneos;
				SWIFT_OPTIMIZATION_LEVEL = "-Onone";
			};
			name = Debug;
		};
		763230ED1C736B9900095C10 /* Release */ = {
			isa = XCBuildConfiguration;
			buildSettings = {
				ALWAYS_SEARCH_USER_PATHS = NO;
				CLANG_CXX_LANGUAGE_STANDARD = "gnu++0x";
				CLANG_CXX_LIBRARY = "libc++";
				CLANG_ENABLE_MODULES = YES;
				CLANG_ENABLE_OBJC_ARC = YES;
				CLANG_WARN_BOOL_CONVERSION = YES;
				CLANG_WARN_CONSTANT_CONVERSION = YES;
				CLANG_WARN_DIRECT_OBJC_ISA_USAGE = YES_ERROR;
				CLANG_WARN_EMPTY_BODY = YES;
				CLANG_WARN_ENUM_CONVERSION = YES;
				CLANG_WARN_INT_CONVERSION = YES;
				CLANG_WARN_OBJC_ROOT_CLASS = YES_ERROR;
				CLANG_WARN_UNREACHABLE_CODE = YES;
				CLANG_WARN__DUPLICATE_METHOD_MATCH = YES;
				"CODE_SIGN_IDENTITY[sdk=iphoneos*]" = "iPhone Developer";
				COPY_PHASE_STRIP = NO;
				DEBUG_INFORMATION_FORMAT = "dwarf-with-dsym";
				ENABLE_NS_ASSERTIONS = NO;
				ENABLE_STRICT_OBJC_MSGSEND = YES;
				GCC_C_LANGUAGE_STANDARD = gnu99;
				GCC_NO_COMMON_BLOCKS = YES;
				GCC_WARN_64_TO_32_BIT_CONVERSION = YES;
				GCC_WARN_ABOUT_RETURN_TYPE = YES_ERROR;
				GCC_WARN_UNDECLARED_SELECTOR = YES;
				GCC_WARN_UNINITIALIZED_AUTOS = YES_AGGRESSIVE;
				GCC_WARN_UNUSED_FUNCTION = YES;
				GCC_WARN_UNUSED_VARIABLE = YES;
				IPHONEOS_DEPLOYMENT_TARGET = 9.2;
				MTL_ENABLE_DEBUG_INFO = NO;
				SDKROOT = iphoneos;
				VALIDATE_PRODUCT = YES;
			};
			name = Release;
		};
		763230EF1C736B9900095C10 /* Debug */ = {
			isa = XCBuildConfiguration;
			buildSettings = {
				ASSETCATALOG_COMPILER_APPICON_NAME = AppIcon;
				INFOPLIST_FILE = "Virtual Tourist/Info.plist";
				LD_RUNPATH_SEARCH_PATHS = "$(inherited) @executable_path/Frameworks";
				PRODUCT_BUNDLE_IDENTIFIER = "Ed-Ballington.Virtual-Tourist";
				PRODUCT_NAME = "$(TARGET_NAME)";
			};
			name = Debug;
		};
		763230F01C736B9900095C10 /* Release */ = {
			isa = XCBuildConfiguration;
			buildSettings = {
				ASSETCATALOG_COMPILER_APPICON_NAME = AppIcon;
				INFOPLIST_FILE = "Virtual Tourist/Info.plist";
				LD_RUNPATH_SEARCH_PATHS = "$(inherited) @executable_path/Frameworks";
				PRODUCT_BUNDLE_IDENTIFIER = "Ed-Ballington.Virtual-Tourist";
				PRODUCT_NAME = "$(TARGET_NAME)";
			};
			name = Release;
		};
		763230F21C736B9900095C10 /* Debug */ = {
			isa = XCBuildConfiguration;
			buildSettings = {
				BUNDLE_LOADER = "$(TEST_HOST)";
				INFOPLIST_FILE = "Virtual TouristTests/Info.plist";
				LD_RUNPATH_SEARCH_PATHS = "$(inherited) @executable_path/Frameworks @loader_path/Frameworks";
				PRODUCT_BUNDLE_IDENTIFIER = "Ed-Ballington.Virtual-TouristTests";
				PRODUCT_NAME = "$(TARGET_NAME)";
				TEST_HOST = "$(BUILT_PRODUCTS_DIR)/Virtual Tourist.app/Virtual Tourist";
			};
			name = Debug;
		};
		763230F31C736B9900095C10 /* Release */ = {
			isa = XCBuildConfiguration;
			buildSettings = {
				BUNDLE_LOADER = "$(TEST_HOST)";
				INFOPLIST_FILE = "Virtual TouristTests/Info.plist";
				LD_RUNPATH_SEARCH_PATHS = "$(inherited) @executable_path/Frameworks @loader_path/Frameworks";
				PRODUCT_BUNDLE_IDENTIFIER = "Ed-Ballington.Virtual-TouristTests";
				PRODUCT_NAME = "$(TARGET_NAME)";
				TEST_HOST = "$(BUILT_PRODUCTS_DIR)/Virtual Tourist.app/Virtual Tourist";
			};
			name = Release;
		};
		763230F51C736B9900095C10 /* Debug */ = {
			isa = XCBuildConfiguration;
			buildSettings = {
				INFOPLIST_FILE = "Virtual TouristUITests/Info.plist";
				LD_RUNPATH_SEARCH_PATHS = "$(inherited) @executable_path/Frameworks @loader_path/Frameworks";
				PRODUCT_BUNDLE_IDENTIFIER = "Ed-Ballington.Virtual-TouristUITests";
				PRODUCT_NAME = "$(TARGET_NAME)";
				TEST_TARGET_NAME = "Virtual Tourist";
				USES_XCTRUNNER = YES;
			};
			name = Debug;
		};
		763230F61C736B9900095C10 /* Release */ = {
			isa = XCBuildConfiguration;
			buildSettings = {
				INFOPLIST_FILE = "Virtual TouristUITests/Info.plist";
				LD_RUNPATH_SEARCH_PATHS = "$(inherited) @executable_path/Frameworks @loader_path/Frameworks";
				PRODUCT_BUNDLE_IDENTIFIER = "Ed-Ballington.Virtual-TouristUITests";
				PRODUCT_NAME = "$(TARGET_NAME)";
				TEST_TARGET_NAME = "Virtual Tourist";
				USES_XCTRUNNER = YES;
			};
			name = Release;
		};
/* End XCBuildConfiguration section */

/* Begin XCConfigurationList section */
		763230C11C736B9900095C10 /* Build configuration list for PBXProject "Virtual Tourist" */ = {
			isa = XCConfigurationList;
			buildConfigurations = (
				763230EC1C736B9900095C10 /* Debug */,
				763230ED1C736B9900095C10 /* Release */,
			);
			defaultConfigurationIsVisible = 0;
			defaultConfigurationName = Release;
		};
		763230EE1C736B9900095C10 /* Build configuration list for PBXNativeTarget "Virtual Tourist" */ = {
			isa = XCConfigurationList;
			buildConfigurations = (
				763230EF1C736B9900095C10 /* Debug */,
				763230F01C736B9900095C10 /* Release */,
			);
			defaultConfigurationIsVisible = 0;
			defaultConfigurationName = Release;
		};
		763230F11C736B9900095C10 /* Build configuration list for PBXNativeTarget "Virtual TouristTests" */ = {
			isa = XCConfigurationList;
			buildConfigurations = (
				763230F21C736B9900095C10 /* Debug */,
				763230F31C736B9900095C10 /* Release */,
			);
			defaultConfigurationIsVisible = 0;
			defaultConfigurationName = Release;
		};
		763230F41C736B9900095C10 /* Build configuration list for PBXNativeTarget "Virtual TouristUITests" */ = {
			isa = XCConfigurationList;
			buildConfigurations = (
				763230F51C736B9900095C10 /* Debug */,
				763230F61C736B9900095C10 /* Release */,
			);
			defaultConfigurationIsVisible = 0;
			defaultConfigurationName = Release;
		};
/* End XCConfigurationList section */

/* Begin XCVersionGroup section */
		763230F91C73728A00095C10 /* VirtualTourist.xcdatamodeld */ = {
			isa = XCVersionGroup;
			children = (
				763230FA1C73728A00095C10 /* VirtualTourist.xcdatamodel */,
			);
			currentVersion = 763230FA1C73728A00095C10 /* VirtualTourist.xcdatamodel */;
			path = VirtualTourist.xcdatamodeld;
			sourceTree = "<group>";
			versionGroupType = wrapper.xcdatamodel;
		};
/* End XCVersionGroup section */
	};
	rootObject = 763230BE1C736B9900095C10 /* Project object */;
}
